
Microsoft Visual Studio Solution File, Format Version 12.00
# Visual Studio Version 17
VisualStudioVersion = 17.4.33213.308
MinimumVisualStudioVersion = 10.0.40219.1
Project("{FAE04EC0-301F-11D3-BF4B-00C04F79EFBC}") = "http5112csA1", "http5112csA1\http5112csA1.csproj", "{52E0B3E8-4F3A-4567-A62C-CFA386E53A4F}"
EndProject
Global
	GlobalSection(SolutionConfigurationPlatforms) = preSolution
		Debug|Any CPU = Debug|Any CPU
		Release|Any CPU = Release|Any CPU
	EndGlobalSection
	GlobalSection(ProjectConfigurationPlatforms) = postSolution
		{52E0B3E8-4F3A-4567-A62C-CFA386E53A4F}.Debug|Any CPU.ActiveCfg = Debug|Any CPU
		{52E0B3E8-4F3A-4567-A62C-CFA386E53A4F}.Debug|Any CPU.Build.0 = Debug|Any CPU
		{52E0B3E8-4F3A-4567-A62C-CFA386E53A4F}.Release|Any CPU.ActiveCfg = Release|Any CPU
		{52E0B3E8-4F3A-4567-A62C-CFA386E53A4F}.Release|Any CPU.Build.0 = Release|Any CPU
	EndGlobalSection
	GlobalSection(SolutionProperties) = preSolution
		HideSolutionNode = FALSE
	EndGlobalSection
	GlobalSection(ExtensibilityGlobals) = postSolution
		SolutionGuid = {965802E0-CD10-4673-9935-100C09F67BD1}
	EndGlobalSection
EndGlobal
